
Microsoft Visual Studio Solution File, Format Version 12.00
# Visual Studio 15
VisualStudioVersion = 15.0.27703.2000
MinimumVisualStudioVersion = 10.0.40219.1
Project("{FAE04EC0-301F-11D3-BF4B-00C04F79EFBC}") = "EfBasics", "EfBasics\EfBasics.csproj", "{8586E2B9-DFAA-4DDC-A721-8A49E543F1A8}"
EndProject
Project("{FAE04EC0-301F-11D3-BF4B-00C04F79EFBC}") = "EfBasicsCore", "EfBasicsCore\EfBasicsCore.csproj", "{C797E7B2-F64E-4ACB-A556-78D649946015}"
EndProject
Global
	GlobalSection(SolutionConfigurationPlatforms) = preSolution
		Debug|Any CPU = Debug|Any CPU
		Release|Any CPU = Release|Any CPU
	EndGlobalSection
	GlobalSection(ProjectConfigurationPlatforms) = postSolution
		{8586E2B9-DFAA-4DDC-A721-8A49E543F1A8}.Debug|Any CPU.ActiveCfg = Debug|Any CPU
		{8586E2B9-DFAA-4DDC-A721-8A49E543F1A8}.Debug|Any CPU.Build.0 = Debug|Any CPU
		{8586E2B9-DFAA-4DDC-A721-8A49E543F1A8}.Release|Any CPU.ActiveCfg = Release|Any CPU
		{8586E2B9-DFAA-4DDC-A721-8A49E543F1A8}.Release|Any CPU.Build.0 = Release|Any CPU
		{C797E7B2-F64E-4ACB-A556-78D649946015}.Debug|Any CPU.ActiveCfg = Debug|Any CPU
		{C797E7B2-F64E-4ACB-A556-78D649946015}.Debug|Any CPU.Build.0 = Debug|Any CPU
		{C797E7B2-F64E-4ACB-A556-78D649946015}.Release|Any CPU.ActiveCfg = Release|Any CPU
		{C797E7B2-F64E-4ACB-A556-78D649946015}.Release|Any CPU.Build.0 = Release|Any CPU
	EndGlobalSection
	GlobalSection(SolutionProperties) = preSolution
		HideSolutionNode = FALSE
	EndGlobalSection
	GlobalSection(ExtensibilityGlobals) = postSolution
		SolutionGuid = {78F6A1DA-8073-4BF5-BEA2-007ABF8572E3}
	EndGlobalSection
EndGlobal
