
Microsoft Visual Studio Solution File, Format Version 12.00
# Visual Studio 15
VisualStudioVersion = 15.0.27703.2000
MinimumVisualStudioVersion = 10.0.40219.1
Project("{FAE04EC0-301F-11D3-BF4B-00C04F79EFBC}") = "ADO.NET", "ADO.NET\ADO.NET.csproj", "{0ED7BA30-A837-422B-80FB-6DE979B83AC8}"
EndProject
Project("{FAE04EC0-301F-11D3-BF4B-00C04F79EFBC}") = "ado.demo", "ado.demo\ado.demo.csproj", "{DF8B125E-28DC-4A79-9C5B-A78A84F4CA43}"
EndProject
Project("{FAE04EC0-301F-11D3-BF4B-00C04F79EFBC}") = "Models", "Models\Models.csproj", "{20E2E288-DDEE-4272-BE4F-9A2D14E3CACC}"
EndProject
Global
	GlobalSection(SolutionConfigurationPlatforms) = preSolution
		Debug|Any CPU = Debug|Any CPU
		Release|Any CPU = Release|Any CPU
	EndGlobalSection
	GlobalSection(ProjectConfigurationPlatforms) = postSolution
		{0ED7BA30-A837-422B-80FB-6DE979B83AC8}.Debug|Any CPU.ActiveCfg = Debug|Any CPU
		{0ED7BA30-A837-422B-80FB-6DE979B83AC8}.Debug|Any CPU.Build.0 = Debug|Any CPU
		{0ED7BA30-A837-422B-80FB-6DE979B83AC8}.Release|Any CPU.ActiveCfg = Release|Any CPU
		{0ED7BA30-A837-422B-80FB-6DE979B83AC8}.Release|Any CPU.Build.0 = Release|Any CPU
		{DF8B125E-28DC-4A79-9C5B-A78A84F4CA43}.Debug|Any CPU.ActiveCfg = Debug|Any CPU
		{DF8B125E-28DC-4A79-9C5B-A78A84F4CA43}.Debug|Any CPU.Build.0 = Debug|Any CPU
		{DF8B125E-28DC-4A79-9C5B-A78A84F4CA43}.Release|Any CPU.ActiveCfg = Release|Any CPU
		{DF8B125E-28DC-4A79-9C5B-A78A84F4CA43}.Release|Any CPU.Build.0 = Release|Any CPU
		{20E2E288-DDEE-4272-BE4F-9A2D14E3CACC}.Debug|Any CPU.ActiveCfg = Debug|Any CPU
		{20E2E288-DDEE-4272-BE4F-9A2D14E3CACC}.Debug|Any CPU.Build.0 = Debug|Any CPU
		{20E2E288-DDEE-4272-BE4F-9A2D14E3CACC}.Release|Any CPU.ActiveCfg = Release|Any CPU
		{20E2E288-DDEE-4272-BE4F-9A2D14E3CACC}.Release|Any CPU.Build.0 = Release|Any CPU
	EndGlobalSection
	GlobalSection(SolutionProperties) = preSolution
		HideSolutionNode = FALSE
	EndGlobalSection
	GlobalSection(ExtensibilityGlobals) = postSolution
		SolutionGuid = {752E4D58-117F-4B89-95C4-72D954A7E2C1}
	EndGlobalSection
EndGlobal
