
Microsoft Visual Studio Solution File, Format Version 12.00
# Visual Studio 15
VisualStudioVersion = 15.0.27130.2003
MinimumVisualStudioVersion = 10.0.40219.1
Project("{FAE04EC0-301F-11D3-BF4B-00C04F79EFBC}") = "Linq", "Linq.csproj", "{4C5115BD-5163-4555-A677-FD255B9CE468}"
EndProject
Global
	GlobalSection(SolutionConfigurationPlatforms) = preSolution
		Debug|Any CPU = Debug|Any CPU
		Release|Any CPU = Release|Any CPU
	EndGlobalSection
	GlobalSection(ProjectConfigurationPlatforms) = postSolution
		{4C5115BD-5163-4555-A677-FD255B9CE468}.Debug|Any CPU.ActiveCfg = Debug|Any CPU
		{4C5115BD-5163-4555-A677-FD255B9CE468}.Debug|Any CPU.Build.0 = Debug|Any CPU
		{4C5115BD-5163-4555-A677-FD255B9CE468}.Release|Any CPU.ActiveCfg = Release|Any CPU
		{4C5115BD-5163-4555-A677-FD255B9CE468}.Release|Any CPU.Build.0 = Release|Any CPU
	EndGlobalSection
	GlobalSection(SolutionProperties) = preSolution
		HideSolutionNode = FALSE
	EndGlobalSection
	GlobalSection(ExtensibilityGlobals) = postSolution
		SolutionGuid = {77E7A8E7-9927-44F9-9242-9141C413E778}
	EndGlobalSection
EndGlobal
